
Microsoft Visual Studio Solution File, Format Version 12.00
# Visual Studio Version 16
VisualStudioVersion = 16.0.29009.5
MinimumVisualStudioVersion = 10.0.40219.1
Project("{9A19103F-16F7-4668-BE54-9A1E7A4F7556}") = "BroadWorksConnector", "BroadWorksConnector\BroadWorksConnector.csproj", "{D03EEB1D-A807-42A8-A270-F90575F521A9}"
EndProject
Project("{9A19103F-16F7-4668-BE54-9A1E7A4F7556}") = "BroadWorksConnector.Tests", "BroadWorksConnector.Tests\BroadWorksConnector.Tests.csproj", "{2BB2C346-0ACC-4F93-9F6E-BA1440ED9092}"
EndProject
Project("{2150E333-8FDC-42A3-9474-1A3956D46DE8}") = "Solution Items", "Solution Items", "{345155D6-4F7E-4051-A9FA-F2D6CE35BC73}"
	ProjectSection(SolutionItems) = preProject
		CHANGELOG.md = CHANGELOG.md
		README.md = README.md
	EndProjectSection
EndProject
Global
	GlobalSection(SolutionConfigurationPlatforms) = preSolution
		Debug|Any CPU = Debug|Any CPU
		Release|Any CPU = Release|Any CPU
	EndGlobalSection
	GlobalSection(ProjectConfigurationPlatforms) = postSolution
		{D03EEB1D-A807-42A8-A270-F90575F521A9}.Debug|Any CPU.ActiveCfg = Debug|Any CPU
		{D03EEB1D-A807-42A8-A270-F90575F521A9}.Debug|Any CPU.Build.0 = Debug|Any CPU
		{D03EEB1D-A807-42A8-A270-F90575F521A9}.Release|Any CPU.ActiveCfg = Release|Any CPU
		{D03EEB1D-A807-42A8-A270-F90575F521A9}.Release|Any CPU.Build.0 = Release|Any CPU
		{2BB2C346-0ACC-4F93-9F6E-BA1440ED9092}.Debug|Any CPU.ActiveCfg = Debug|Any CPU
		{2BB2C346-0ACC-4F93-9F6E-BA1440ED9092}.Debug|Any CPU.Build.0 = Debug|Any CPU
		{2BB2C346-0ACC-4F93-9F6E-BA1440ED9092}.Release|Any CPU.ActiveCfg = Release|Any CPU
		{2BB2C346-0ACC-4F93-9F6E-BA1440ED9092}.Release|Any CPU.Build.0 = Release|Any CPU
	EndGlobalSection
	GlobalSection(SolutionProperties) = preSolution
		HideSolutionNode = FALSE
	EndGlobalSection
	GlobalSection(ExtensibilityGlobals) = postSolution
		SolutionGuid = {120FF1B3-013D-4ED5-B222-B919C20C85CE}
	EndGlobalSection
EndGlobal
